langcode: en
status: true
dependencies:
  config:
    - contact.form.feedback
  module:
    - contact_block
    - system
  theme:
    - druppio_small_business
id: contactblock
theme: druppio_small_business
region: section_fifth
weight: -8
provider: null
plugin: contact_block
settings:
  id: contact_block
  label: Contact
  provider: contact_block
  label_display: '0'
  contact_form: feedback
visibility:
  request_path:
    id: request_path
    pages: '<front>'
    negate: false
    context_mapping: {  }
