uuid: 8d8f658e-b16b-45f6-b7f9-f6adcffc1896
langcode: hy
status: true
dependencies:
  config:
    - block_content.type.cards_block
  module:
    - content_translation
third_party_settings:
  content_translation:
    enabled: true
    bundle_settings:
      untranslatable_fields_hide: '0'
id: block_content.cards_block
target_entity_type_id: block_content
target_bundle: cards_block
default_langcode: current_interface
language_alterable: true
